
Microsoft Visual Studio Solution File, Format Version 12.00
# Visual Studio Version 17
VisualStudioVersion = 17.5.002.0
MinimumVisualStudioVersion = 10.0.40219.1
Project("{9A19103F-16F7-4668-BE54-9A1E7A4F7556}") = "LibraryAPI", "LibraryAPI.csproj", "{08E1D3F6-38A1-45C9-98D4-BEEB515F2CBC}"
EndProject
Global
	GlobalSection(SolutionConfigurationPlatforms) = preSolution
		Debug|Any CPU = Debug|Any CPU
		Release|Any CPU = Release|Any CPU
	EndGlobalSection
	GlobalSection(ProjectConfigurationPlatforms) = postSolution
		{08E1D3F6-38A1-45C9-98D4-BEEB515F2CBC}.Debug|Any CPU.ActiveCfg = Debug|Any CPU
		{08E1D3F6-38A1-45C9-98D4-BEEB515F2CBC}.Debug|Any CPU.Build.0 = Debug|Any CPU
		{08E1D3F6-38A1-45C9-98D4-BEEB515F2CBC}.Release|Any CPU.ActiveCfg = Release|Any CPU
		{08E1D3F6-38A1-45C9-98D4-BEEB515F2CBC}.Release|Any CPU.Build.0 = Release|Any CPU
	EndGlobalSection
	GlobalSection(SolutionProperties) = preSolution
		HideSolutionNode = FALSE
	EndGlobalSection
	GlobalSection(ExtensibilityGlobals) = postSolution
		SolutionGuid = {093D4A3A-7100-4EFA-8D57-02B47F1791DD}
	EndGlobalSection
EndGlobal
